{
  "name": "example",
  "version": "0.1.0",
  "lockfileVersion": 1,
  "requires": true,
  "dependencies": {
    "component-library-test": {
      "version": "1.0.7",
      "resolved": "https://registry.npmjs.org/component-library-test/-/component-library-test-1.0.7.tgz",
      "integrity": "sha512-nuMCqzZFcn+b1UBsBE1eXVwTUAakBj0zOPs2P2fxeEG+OSaM+vCcfQIVMaDiGL3tpfPtw76OUt3AV1XKfqhGiA==",
      "requires": {
        "vue": "^2.5.2",
        "vue-router": "^3.0.1"
      }
    },
    "vue": {
      "version": "2.6.11",
      "resolved": "https://registry.npmjs.org/vue/-/vue-2.6.11.tgz",
      "integrity": "sha512-VfPwgcGABbGAue9+sfrD4PuwFar7gPb1yl1UK1MwXoQPAw0BKSqWfoYCT/ThFrdEVWoI51dBuyCoiNU9bZDZxQ=="
    },
    "vue-router": {
      "version": "3.1.6",
      "resolved": "https://registry.npmjs.org/vue-router/-/vue-router-3.1.6.tgz",
      "integrity": "sha512-GYhn2ynaZlysZMkFE5oCHRUTqE8BWs/a9YbKpNLi0i7xD6KG1EzDqpHQmv1F5gXjr8kL5iIVS8EOtRaVUEXTqA=="
    }
  }
}
